
Microsoft Visual Studio Solution File, Format Version 12.00
# Visual Studio Version 17
VisualStudioVersion = 17.9.34616.47
MinimumVisualStudioVersion = 10.0.40219.1
Project("{FAE04EC0-301F-11D3-BF4B-00C04F79EFBC}") = "Wifi Xfree", "Wifi Xfree\Wifi Xfree.csproj", "{D956C061-5F89-45B0-913C-8ADEA89589BB}"
EndProject
Global
	GlobalSection(SolutionConfigurationPlatforms) = preSolution
		Debug|Any CPU = Debug|Any CPU
		Release|Any CPU = Release|Any CPU
	EndGlobalSection
	GlobalSection(ProjectConfigurationPlatforms) = postSolution
		{D956C061-5F89-45B0-913C-8ADEA89589BB}.Debug|Any CPU.ActiveCfg = Debug|Any CPU
		{D956C061-5F89-45B0-913C-8ADEA89589BB}.Debug|Any CPU.Build.0 = Debug|Any CPU
		{D956C061-5F89-45B0-913C-8ADEA89589BB}.Release|Any CPU.ActiveCfg = Release|Any CPU
		{D956C061-5F89-45B0-913C-8ADEA89589BB}.Release|Any CPU.Build.0 = Release|Any CPU
	EndGlobalSection
	GlobalSection(SolutionProperties) = preSolution
		HideSolutionNode = FALSE
	EndGlobalSection
	GlobalSection(ExtensibilityGlobals) = postSolution
		SolutionGuid = {ABAEF94B-6554-4145-8667-D7D786F23AFD}
	EndGlobalSection
EndGlobal
